PODS:
  - AWSCore (2.12.7)
  - AWSEC2 (2.12.7):
    - AWSCore (= 2.12.7)

DEPENDENCIES:
  - AWSEC2 (= 2.12.7)

SPEC REPOS:
  https://github.com/CocoaPods/Specs.git:
    - AWSCore
    - AWSEC2

SPEC CHECKSUMS:
  AWSCore: 2f0f88ae94a63a198274d683c7d0e18709d7090b
  AWSEC2: 4e37b45db13c4cb829f1bf29fd71050ec3c3e88f

PODFILE CHECKSUM: 0f73b8639d0cc867de3c38447a836f7fce3f1d60

COCOAPODS: 1.9.1
