// !$*UTF8*$!
{
	archiveVersion = 1;
	classes = {
	};
	objectVersion = 51;
	objects = {

/* Begin PBXBuildFile section */
		3F00675D23055A2700EEC4E1 /* InstanceTableViewController.swift in Sources */ = {isa = PBXBuildFile; fileRef = 3F00675C23055A2700EEC4E1 /* InstanceTableViewController.swift */; };
		3F16247A230C5B73009B282B /* awsconfiguration.json in Resources */ = {isa = PBXBuildFile; fileRef = 3F162479230C5B73009B282B /* awsconfiguration.json */; };
		3F41B1B122FC534F00EE4AD4 /* AppDelegate.swift in Sources */ = {isa = PBXBuildFile; fileRef = 3F41B1B022FC534F00EE4AD4 /* AppDelegate.swift */; };
		3F41B1B622FC534F00EE4AD4 /* Main.storyboard in Resources */ = {isa = PBXBuildFile; fileRef = 3F41B1B422FC534F00EE4AD4 /* Main.storyboard */; };
		3F41B1B822FC534F00EE4AD4 /* Assets.xcassets in Resources */ = {isa = PBXBuildFile; fileRef = 3F41B1B722FC534F00EE4AD4 /* Assets.xcassets */; };
		3F41B1BB22FC534F00EE4AD4 /* LaunchScreen.storyboard in Resources */ = {isa = PBXBuildFile; fileRef = 3F41B1B922FC534F00EE4AD4 /* LaunchScreen.storyboard */; };
		3F4D867822FC9929009FC750 /* logo.png in Resources */ = {isa = PBXBuildFile; fileRef = 3F4D867722FC9929009FC750 /* logo.png */; };
		3F4D867A22FC9A1D009FC750 /* InstanceReader.swift in Sources */ = {isa = PBXBuildFile; fileRef = 3F4D867922FC9A1D009FC750 /* InstanceReader.swift */; };
		3FDA5E5E230F2601001F8F73 /* AWSAPI_HISVZWQOXC_CloudStartPoCClient.m in Sources */ = {isa = PBXBuildFile; fileRef = 3FDA5E58230F2600001F8F73 /* AWSAPI_HISVZWQOXC_CloudStartPoCClient.m */; };
		3FDA5E5F230F2601001F8F73 /* AWSAPI_HISVZWQOXC_Result.m in Sources */ = {isa = PBXBuildFile; fileRef = 3FDA5E5A230F2600001F8F73 /* AWSAPI_HISVZWQOXC_Result.m */; };
		3FDA5E60230F2601001F8F73 /* AWSAPI_HISVZWQOXC_Error.m in Sources */ = {isa = PBXBuildFile; fileRef = 3FDA5E5B230F2600001F8F73 /* AWSAPI_HISVZWQOXC_Error.m */; };
		3FE3BC7D23098D6D00FC8315 /* AuthenticationViewController.swift in Sources */ = {isa = PBXBuildFile; fileRef = 3FE3BC7C23098D6D00FC8315 /* AuthenticationViewController.swift */; };
		3FE5D7B922FC9085005F7BC1 /* Instance.swift in Sources */ = {isa = PBXBuildFile; fileRef = 3FE5D7B822FC9085005F7BC1 /* Instance.swift */; };
		3FE5D7BB22FC9132005F7BC1 /* Instances.swift in Sources */ = {isa = PBXBuildFile; fileRef = 3FE5D7BA22FC9132005F7BC1 /* Instances.swift */; };
		67A23C884A0394B065560487 /* Pods_cloudstart.framework in Frameworks */ = {isa = PBXBuildFile; fileRef = D93BE4C034E166A39D4AED05 /* Pods_cloudstart.framework */; };
/* End PBXBuildFile section */

/* Begin PBXFileReference section */
		3F00675C23055A2700EEC4E1 /* InstanceTableViewController.swift */ = {isa = PBXFileReference; lastKnownFileType = sourcecode.swift; path = InstanceTableViewController.swift; sourceTree = "<group>"; };
		3F162479230C5B73009B282B /* awsconfiguration.json */ = {isa = PBXFileReference; fileEncoding = 4; lastKnownFileType = text.json; path = awsconfiguration.json; sourceTree = "<group>"; };
		3F41B1AD22FC534F00EE4AD4 /* cloudstart.app */ = {isa = PBXFileReference; explicitFileType = wrapper.application; includeInIndex = 0; path = cloudstart.app; sourceTree = BUILT_PRODUCTS_DIR; };
		3F41B1B022FC534F00EE4AD4 /* AppDelegate.swift */ = {isa = PBXFileReference; lastKnownFileType = sourcecode.swift; path = AppDelegate.swift; sourceTree = "<group>"; };
		3F41B1B522FC534F00EE4AD4 /* Base */ = {isa = PBXFileReference; lastKnownFileType = file.storyboard; name = Base; path = Base.lproj/Main.storyboard; sourceTree = "<group>"; };
		3F41B1B722FC534F00EE4AD4 /* Assets.xcassets */ = {isa = PBXFileReference; lastKnownFileType = folder.assetcatalog; path = Assets.xcassets; sourceTree = "<group>"; };
		3F41B1BA22FC534F00EE4AD4 /* Base */ = {isa = PBXFileReference; lastKnownFileType = file.storyboard; name = Base; path = Base.lproj/LaunchScreen.storyboard; sourceTree = "<group>"; };
		3F41B1BC22FC534F00EE4AD4 /* Info.plist */ = {isa = PBXFileReference; lastKnownFileType = text.plist.xml; path = Info.plist; sourceTree = "<group>"; };
		3F4D867722FC9929009FC750 /* logo.png */ = {isa = PBXFileReference; lastKnownFileType = image.png; path = logo.png; sourceTree = "<group>"; };
		3F4D867922FC9A1D009FC750 /* InstanceReader.swift */ = {isa = PBXFileReference; lastKnownFileType = sourcecode.swift; path = InstanceReader.swift; sourceTree = "<group>"; };
		3F63E97B230EF15500184041 /* Bridging_Header.h */ = {isa = PBXFileReference; fileEncoding = 4; lastKnownFileType = sourcecode.c.h; path = Bridging_Header.h; sourceTree = "<group>"; };
		3FDA5E58230F2600001F8F73 /* AWSAPI_HISVZWQOXC_CloudStartPoCClient.m */ = {isa = PBXFileReference; fileEncoding = 4; lastKnownFileType = sourcecode.c.objc; path = AWSAPI_HISVZWQOXC_CloudStartPoCClient.m; sourceTree = "<group>"; };
		3FDA5E59230F2600001F8F73 /* AWSAPI_HISVZWQOXC_Error.h */ = {isa = PBXFileReference; fileEncoding = 4; lastKnownFileType = sourcecode.c.h; path = AWSAPI_HISVZWQOXC_Error.h; sourceTree = "<group>"; };
		3FDA5E5A230F2600001F8F73 /* AWSAPI_HISVZWQOXC_Result.m */ = {isa = PBXFileReference; fileEncoding = 4; lastKnownFileType = sourcecode.c.objc; path = AWSAPI_HISVZWQOXC_Result.m; sourceTree = "<group>"; };
		3FDA5E5B230F2600001F8F73 /* AWSAPI_HISVZWQOXC_Error.m */ = {isa = PBXFileReference; fileEncoding = 4; lastKnownFileType = sourcecode.c.objc; path = AWSAPI_HISVZWQOXC_Error.m; sourceTree = "<group>"; };
		3FDA5E5C230F2601001F8F73 /* AWSAPI_HISVZWQOXC_Result.h */ = {isa = PBXFileReference; fileEncoding = 4; lastKnownFileType = sourcecode.c.h; path = AWSAPI_HISVZWQOXC_Result.h; sourceTree = "<group>"; };
		3FDA5E5D230F2601001F8F73 /* AWSAPI_HISVZWQOXC_CloudStartPoCClient.h */ = {isa = PBXFileReference; fileEncoding = 4; lastKnownFileType = sourcecode.c.h; path = AWSAPI_HISVZWQOXC_CloudStartPoCClient.h; sourceTree = "<group>"; };
		3FE3BC7C23098D6D00FC8315 /* AuthenticationViewController.swift */ = {isa = PBXFileReference; lastKnownFileType = sourcecode.swift; path = AuthenticationViewController.swift; sourceTree = "<group>"; };
		3FE5D7B822FC9085005F7BC1 /* Instance.swift */ = {isa = PBXFileReference; lastKnownFileType = sourcecode.swift; path = Instance.swift; sourceTree = "<group>"; };
		3FE5D7BA22FC9132005F7BC1 /* Instances.swift */ = {isa = PBXFileReference; lastKnownFileType = sourcecode.swift; path = Instances.swift; sourceTree = "<group>"; };
		49F80C14502D47075EFF64DB /* Pods-cloudstart.release.xcconfig */ = {isa = PBXFileReference; includeInIndex = 1; lastKnownFileType = text.xcconfig; name = "Pods-cloudstart.release.xcconfig"; path = "Target Support Files/Pods-cloudstart/Pods-cloudstart.release.xcconfig"; sourceTree = "<group>"; };
		CB97E2D0D9D6815E492FC608 /* Pods-cloudstart.debug.xcconfig */ = {isa = PBXFileReference; includeInIndex = 1; lastKnownFileType = text.xcconfig; name = "Pods-cloudstart.debug.xcconfig"; path = "Target Support Files/Pods-cloudstart/Pods-cloudstart.debug.xcconfig"; sourceTree = "<group>"; };
		D93BE4C034E166A39D4AED05 /* Pods_cloudstart.framework */ = {isa = PBXFileReference; explicitFileType = wrapper.framework; includeInIndex = 0; path = Pods_cloudstart.framework; sourceTree = BUILT_PRODUCTS_DIR; };
/* End PBXFileReference section */

/* Begin PBXFrameworksBuildPhase section */
		3F41B1AA22FC534F00EE4AD4 /* Frameworks */ = {
			isa = PBXFrameworksBuildPhase;
			buildActionMask = 2147483647;
			files = (
				67A23C884A0394B065560487 /* Pods_cloudstart.framework in Frameworks */,
			);
			runOnlyForDeploymentPostprocessing = 0;
		};
/* End PBXFrameworksBuildPhase section */

/* Begin PBXGroup section */
		3C2ECB87094024A9F89D170E /* Pods */ = {
			isa = PBXGroup;
			children = (
				CB97E2D0D9D6815E492FC608 /* Pods-cloudstart.debug.xcconfig */,
				49F80C14502D47075EFF64DB /* Pods-cloudstart.release.xcconfig */,
			);
			path = Pods;
			sourceTree = "<group>";
		};
		3F41B1A422FC534F00EE4AD4 = {
			isa = PBXGroup;
			children = (
				3F41B1AF22FC534F00EE4AD4 /* cloudstart */,
				3F41B1AE22FC534F00EE4AD4 /* Products */,
				3C2ECB87094024A9F89D170E /* Pods */,
				C5731022B6A627CE92275168 /* Frameworks */,
			);
			sourceTree = "<group>";
		};
		3F41B1AE22FC534F00EE4AD4 /* Products */ = {
			isa = PBXGroup;
			children = (
				3F41B1AD22FC534F00EE4AD4 /* cloudstart.app */,
			);
			name = Products;
			sourceTree = "<group>";
		};
		3F41B1AF22FC534F00EE4AD4 /* cloudstart */ = {
			isa = PBXGroup;
			children = (
				3F63E97B230EF15500184041 /* Bridging_Header.h */,
				3FDA5E5D230F2601001F8F73 /* AWSAPI_HISVZWQOXC_CloudStartPoCClient.h */,
				3FDA5E58230F2600001F8F73 /* AWSAPI_HISVZWQOXC_CloudStartPoCClient.m */,
				3FDA5E59230F2600001F8F73 /* AWSAPI_HISVZWQOXC_Error.h */,
				3FDA5E5B230F2600001F8F73 /* AWSAPI_HISVZWQOXC_Error.m */,
				3FDA5E5C230F2601001F8F73 /* AWSAPI_HISVZWQOXC_Result.h */,
				3FDA5E5A230F2600001F8F73 /* AWSAPI_HISVZWQOXC_Result.m */,
				3F162479230C5B73009B282B /* awsconfiguration.json */,
				3F4D867722FC9929009FC750 /* logo.png */,
				3F41B1B722FC534F00EE4AD4 /* Assets.xcassets */,
				3F41B1B422FC534F00EE4AD4 /* Main.storyboard */,
				3F41B1B922FC534F00EE4AD4 /* LaunchScreen.storyboard */,
				3F41B1BC22FC534F00EE4AD4 /* Info.plist */,
				3F41B1B022FC534F00EE4AD4 /* AppDelegate.swift */,
				3FE5D7B822FC9085005F7BC1 /* Instance.swift */,
				3FE5D7BA22FC9132005F7BC1 /* Instances.swift */,
				3F4D867922FC9A1D009FC750 /* InstanceReader.swift */,
				3FE3BC7C23098D6D00FC8315 /* AuthenticationViewController.swift */,
				3F00675C23055A2700EEC4E1 /* InstanceTableViewController.swift */,
			);
			path = cloudstart;
			sourceTree = "<group>";
		};
		C5731022B6A627CE92275168 /* Frameworks */ = {
			isa = PBXGroup;
			children = (
				D93BE4C034E166A39D4AED05 /* Pods_cloudstart.framework */,
			);
			name = Frameworks;
			sourceTree = "<group>";
		};
/* End PBXGroup section */

/* Begin PBXNativeTarget section */
		3F41B1AC22FC534F00EE4AD4 /* cloudstart */ = {
			isa = PBXNativeTarget;
			buildConfigurationList = 3F41B1BF22FC534F00EE4AD4 /* Build configuration list for PBXNativeTarget "cloudstart" */;
			buildPhases = (
				6E71108BA7C3BCFD0D72DFB2 /* [CP] Check Pods Manifest.lock */,
				3F41B1A922FC534F00EE4AD4 /* Sources */,
				3F41B1AA22FC534F00EE4AD4 /* Frameworks */,
				3F41B1AB22FC534F00EE4AD4 /* Resources */,
				91245EB70EE64CFC41EC7BA5 /* [CP] Embed Pods Frameworks */,
			);
			buildRules = (
			);
			dependencies = (
			);
			name = cloudstart;
			productName = cloudstart;
			productReference = 3F41B1AD22FC534F00EE4AD4 /* cloudstart.app */;
			productType = "com.apple.product-type.application";
		};
/* End PBXNativeTarget section */

/* Begin PBXProject section */
		3F41B1A522FC534F00EE4AD4 /* Project object */ = {
			isa = PBXProject;
			attributes = {
				LastSwiftUpdateCheck = 1030;
				LastUpgradeCheck = 1030;
				ORGANIZATIONNAME = "Ireneusz Pastusiak";
				TargetAttributes = {
					3F41B1AC22FC534F00EE4AD4 = {
						CreatedOnToolsVersion = 10.3;
					};
				};
			};
			buildConfigurationList = 3F41B1A822FC534F00EE4AD4 /* Build configuration list for PBXProject "cloudstart" */;
			compatibilityVersion = "Xcode 9.3";
			developmentRegion = en;
			hasScannedForEncodings = 0;
			knownRegions = (
				en,
				Base,
			);
			mainGroup = 3F41B1A422FC534F00EE4AD4;
			productRefGroup = 3F41B1AE22FC534F00EE4AD4 /* Products */;
			projectDirPath = "";
			projectRoot = "";
			targets = (
				3F41B1AC22FC534F00EE4AD4 /* cloudstart */,
			);
		};
/* End PBXProject section */

/* Begin PBXResourcesBuildPhase section */
		3F41B1AB22FC534F00EE4AD4 /* Resources */ = {
			isa = PBXResourcesBuildPhase;
			buildActionMask = 2147483647;
			files = (
				3F16247A230C5B73009B282B /* awsconfiguration.json in Resources */,
				3F41B1BB22FC534F00EE4AD4 /* LaunchScreen.storyboard in Resources */,
				3F4D867822FC9929009FC750 /* logo.png in Resources */,
				3F41B1B822FC534F00EE4AD4 /* Assets.xcassets in Resources */,
				3F41B1B622FC534F00EE4AD4 /* Main.storyboard in Resources */,
			);
			runOnlyForDeploymentPostprocessing = 0;
		};
/* End PBXResourcesBuildPhase section */

/* Begin PBXShellScriptBuildPhase section */
		6E71108BA7C3BCFD0D72DFB2 /* [CP] Check Pods Manifest.lock */ = {
			isa = PBXShellScriptBuildPhase;
			buildActionMask = 2147483647;
			files = (
			);
			inputFileListPaths = (
			);
			inputPaths = (
				"${PODS_PODFILE_DIR_PATH}/Podfile.lock",
				"${PODS_ROOT}/Manifest.lock",
			);
			name = "[CP] Check Pods Manifest.lock";
			outputFileListPaths = (
			);
			outputPaths = (
				"$(DERIVED_FILE_DIR)/Pods-cloudstart-checkManifestLockResult.txt",
			);
			runOnlyForDeploymentPostprocessing = 0;
			shellPath = /bin/sh;
			shellScript = "diff \"${PODS_PODFILE_DIR_PATH}/Podfile.lock\" \"${PODS_ROOT}/Manifest.lock\" > /dev/null\nif [ $? != 0 ] ; then\n    # print error to STDERR\n    echo \"error: The sandbox is not in sync with the Podfile.lock. Run 'pod install' or update your CocoaPods installation.\" >&2\n    exit 1\nfi\n# This output is used by Xcode 'outputs' to avoid re-running this script phase.\necho \"SUCCESS\" > \"${SCRIPT_OUTPUT_FILE_0}\"\n";
			showEnvVarsInLog = 0;
		};
		91245EB70EE64CFC41EC7BA5 /* [CP] Embed Pods Frameworks */ = {
			isa = PBXShellScriptBuildPhase;
			buildActionMask = 2147483647;
			files = (
			);
			inputFileListPaths = (
				"${PODS_ROOT}/Target Support Files/Pods-cloudstart/Pods-cloudstart-frameworks-${CONFIGURATION}-input-files.xcfilelist",
			);
			name = "[CP] Embed Pods Frameworks";
			outputFileListPaths = (
				"${PODS_ROOT}/Target Support Files/Pods-cloudstart/Pods-cloudstart-frameworks-${CONFIGURATION}-output-files.xcfilelist",
			);
			runOnlyForDeploymentPostprocessing = 0;
			shellPath = /bin/sh;
			shellScript = "\"${PODS_ROOT}/Target Support Files/Pods-cloudstart/Pods-cloudstart-frameworks.sh\"\n";
			showEnvVarsInLog = 0;
		};
/* End PBXShellScriptBuildPhase section */

/* Begin PBXSourcesBuildPhase section */
		3F41B1A922FC534F00EE4AD4 /* Sources */ = {
			isa = PBXSourcesBuildPhase;
			buildActionMask = 2147483647;
			files = (
				3F41B1B122FC534F00EE4AD4 /* AppDelegate.swift in Sources */,
				3FE5D7B922FC9085005F7BC1 /* Instance.swift in Sources */,
				3F4D867A22FC9A1D009FC750 /* InstanceReader.swift in Sources */,
				3FE3BC7D23098D6D00FC8315 /* AuthenticationViewController.swift in Sources */,
				3FDA5E60230F2601001F8F73 /* AWSAPI_HISVZWQOXC_Error.m in Sources */,
				3FDA5E5E230F2601001F8F73 /* AWSAPI_HISVZWQOXC_CloudStartPoCClient.m in Sources */,
				3FDA5E5F230F2601001F8F73 /* AWSAPI_HISVZWQOXC_Result.m in Sources */,
				3F00675D23055A2700EEC4E1 /* InstanceTableViewController.swift in Sources */,
				3FE5D7BB22FC9132005F7BC1 /* Instances.swift in Sources */,
			);
			runOnlyForDeploymentPostprocessing = 0;
		};
/* End PBXSourcesBuildPhase section */

/* Begin PBXVariantGroup section */
		3F41B1B422FC534F00EE4AD4 /* Main.storyboard */ = {
			isa = PBXVariantGroup;
			children = (
				3F41B1B522FC534F00EE4AD4 /* Base */,
			);
			name = Main.storyboard;
			sourceTree = "<group>";
		};
		3F41B1B922FC534F00EE4AD4 /* LaunchScreen.storyboard */ = {
			isa = PBXVariantGroup;
			children = (
				3F41B1BA22FC534F00EE4AD4 /* Base */,
			);
			name = LaunchScreen.storyboard;
			sourceTree = "<group>";
		};
/* End PBXVariantGroup section */

/* Begin XCBuildConfiguration section */
		3F41B1BD22FC534F00EE4AD4 /* Debug */ = {
			isa = XCBuildConfiguration;
			buildSettings = {
				ALWAYS_SEARCH_USER_PATHS = NO;
				CLANG_ANALYZER_NONNULL = YES;
				CLANG_ANALYZER_NUMBER_OBJECT_CONVERSION = YES_AGGRESSIVE;
				CLANG_CXX_LANGUAGE_STANDARD = "gnu++14";
				CLANG_CXX_LIBRARY = "libc++";
				CLANG_ENABLE_MODULES = YES;
				CLANG_ENABLE_OBJC_ARC = YES;
				CLANG_ENABLE_OBJC_WEAK = YES;
				CLANG_WARN_BLOCK_CAPTURE_AUTORELEASING = YES;
				CLANG_WARN_BOOL_CONVERSION = YES;
				CLANG_WARN_COMMA = YES;
				CLANG_WARN_CONSTANT_CONVERSION = YES;
				CLANG_WARN_DEPRECATED_OBJC_IMPLEMENTATIONS = YES;
				CLANG_WARN_DIRECT_OBJC_ISA_USAGE = YES_ERROR;
				CLANG_WARN_DOCUMENTATION_COMMENTS = YES;
				CLANG_WARN_EMPTY_BODY = YES;
				CLANG_WARN_ENUM_CONVERSION = YES;
				CLANG_WARN_INFINITE_RECURSION = YES;
				CLANG_WARN_INT_CONVERSION = YES;
				CLANG_WARN_NON_LITERAL_NULL_CONVERSION = YES;
				CLANG_WARN_OBJC_IMPLICIT_RETAIN_SELF = YES;
				CLANG_WARN_OBJC_LITERAL_CONVERSION = YES;
				CLANG_WARN_OBJC_ROOT_CLASS = YES_ERROR;
				CLANG_WARN_RANGE_LOOP_ANALYSIS = YES;
				CLANG_WARN_STRICT_PROTOTYPES = YES;
				CLANG_WARN_SUSPICIOUS_MOVE = YES;
				CLANG_WARN_UNGUARDED_AVAILABILITY = YES_AGGRESSIVE;
				CLANG_WARN_UNREACHABLE_CODE = YES;
				CLANG_WARN__DUPLICATE_METHOD_MATCH = YES;
				CODE_SIGN_IDENTITY = "iPhone Developer";
				COPY_PHASE_STRIP = NO;
				DEBUG_INFORMATION_FORMAT = dwarf;
				ENABLE_STRICT_OBJC_MSGSEND = YES;
				ENABLE_TESTABILITY = YES;
				GCC_C_LANGUAGE_STANDARD = gnu11;
				GCC_DYNAMIC_NO_PIC = NO;
				GCC_GENERATE_TEST_COVERAGE_FILES = YES;
				GCC_NO_COMMON_BLOCKS = YES;
				GCC_OPTIMIZATION_LEVEL = 0;
				GCC_PREPROCESSOR_DEFINITIONS = (
					"DEBUG=1",
					"$(inherited)",
				);
				GCC_WARN_64_TO_32_BIT_CONVERSION = YES;
				GCC_WARN_ABOUT_RETURN_TYPE = YES_ERROR;
				GCC_WARN_UNDECLARED_SELECTOR = YES;
				GCC_WARN_UNINITIALIZED_AUTOS = YES_AGGRESSIVE;
				GCC_WARN_UNUSED_FUNCTION = YES;
				GCC_WARN_UNUSED_VARIABLE = YES;
				IPHONEOS_DEPLOYMENT_TARGET = 12.4;
				MTL_ENABLE_DEBUG_INFO = INCLUDE_SOURCE;
				MTL_FAST_MATH = YES;
				ONLY_ACTIVE_ARCH = YES;
				SDKROOT = iphoneos;
				SWIFT_ACTIVE_COMPILATION_CONDITIONS = DEBUG;
				SWIFT_OBJC_BRIDGING_HEADER = "";
				SWIFT_OPTIMIZATION_LEVEL = "-Onone";
			};
			name = Debug;
		};
		3F41B1BE22FC534F00EE4AD4 /* Release */ = {
			isa = XCBuildConfiguration;
			buildSettings = {
				ALWAYS_SEARCH_USER_PATHS = NO;
				CLANG_ANALYZER_NONNULL = YES;
				CLANG_ANALYZER_NUMBER_OBJECT_CONVERSION = YES_AGGRESSIVE;
				CLANG_CXX_LANGUAGE_STANDARD = "gnu++14";
				CLANG_CXX_LIBRARY = "libc++";
				CLANG_ENABLE_MODULES = YES;
				CLANG_ENABLE_OBJC_ARC = YES;
				CLANG_ENABLE_OBJC_WEAK = YES;
				CLANG_WARN_BLOCK_CAPTURE_AUTORELEASING = YES;
				CLANG_WARN_BOOL_CONVERSION = YES;
				CLANG_WARN_COMMA = YES;
				CLANG_WARN_CONSTANT_CONVERSION = YES;
				CLANG_WARN_DEPRECATED_OBJC_IMPLEMENTATIONS = YES;
				CLANG_WARN_DIRECT_OBJC_ISA_USAGE = YES_ERROR;
				CLANG_WARN_DOCUMENTATION_COMMENTS = YES;
				CLANG_WARN_EMPTY_BODY = YES;
				CLANG_WARN_ENUM_CONVERSION = YES;
				CLANG_WARN_INFINITE_RECURSION = YES;
				CLANG_WARN_INT_CONVERSION = YES;
				CLANG_WARN_NON_LITERAL_NULL_CONVERSION = YES;
				CLANG_WARN_OBJC_IMPLICIT_RETAIN_SELF = YES;
				CLANG_WARN_OBJC_LITERAL_CONVERSION = YES;
				CLANG_WARN_OBJC_ROOT_CLASS = YES_ERROR;
				CLANG_WARN_RANGE_LOOP_ANALYSIS = YES;
				CLANG_WARN_STRICT_PROTOTYPES = YES;
				CLANG_WARN_SUSPICIOUS_MOVE = YES;
				CLANG_WARN_UNGUARDED_AVAILABILITY = YES_AGGRESSIVE;
				CLANG_WARN_UNREACHABLE_CODE = YES;
				CLANG_WARN__DUPLICATE_METHOD_MATCH = YES;
				CODE_SIGN_IDENTITY = "iPhone Developer";
				COPY_PHASE_STRIP = NO;
				DEBUG_INFORMATION_FORMAT = "dwarf-with-dsym";
				ENABLE_NS_ASSERTIONS = NO;
				ENABLE_STRICT_OBJC_MSGSEND = YES;
				GCC_C_LANGUAGE_STANDARD = gnu11;
				GCC_GENERATE_TEST_COVERAGE_FILES = YES;
				GCC_NO_COMMON_BLOCKS = YES;
				GCC_WARN_64_TO_32_BIT_CONVERSION = YES;
				GCC_WARN_ABOUT_RETURN_TYPE = YES_ERROR;
				GCC_WARN_UNDECLARED_SELECTOR = YES;
				GCC_WARN_UNINITIALIZED_AUTOS = YES_AGGRESSIVE;
				GCC_WARN_UNUSED_FUNCTION = YES;
				GCC_WARN_UNUSED_VARIABLE = YES;
				IPHONEOS_DEPLOYMENT_TARGET = 12.4;
				MTL_ENABLE_DEBUG_INFO = NO;
				MTL_FAST_MATH = YES;
				SDKROOT = iphoneos;
				SWIFT_COMPILATION_MODE = wholemodule;
				SWIFT_OBJC_BRIDGING_HEADER = "";
				SWIFT_OPTIMIZATION_LEVEL = "-O";
				VALIDATE_PRODUCT = YES;
			};
			name = Release;
		};
		3F41B1C022FC534F00EE4AD4 /* Debug */ = {
			isa = XCBuildConfiguration;
			baseConfigurationReference = CB97E2D0D9D6815E492FC608 /* Pods-cloudstart.debug.xcconfig */;
			buildSettings = {
				ASSETCATALOG_COMPILER_APPICON_NAME = AppIcon;
				CODE_SIGN_STYLE = Automatic;
				DEVELOPMENT_TEAM = 329X3PY7LJ;
				INFOPLIST_FILE = cloudstart/Info.plist;
				LD_RUNPATH_SEARCH_PATHS = (
					"$(inherited)",
					"@executable_path/Frameworks",
				);
				PRODUCT_BUNDLE_IDENTIFIER = uk.co.automatictester.cloudstart;
				PRODUCT_NAME = "$(TARGET_NAME)";
				SWIFT_OBJC_BRIDGING_HEADER = /Users/irek/git/cloudstart/cloudstart/Bridging_Header.h;
				SWIFT_VERSION = 5.0;
				TARGETED_DEVICE_FAMILY = "1,2";
			};
			name = Debug;
		};
		3F41B1C122FC534F00EE4AD4 /* Release */ = {
			isa = XCBuildConfiguration;
			baseConfigurationReference = 49F80C14502D47075EFF64DB /* Pods-cloudstart.release.xcconfig */;
			buildSettings = {
				ASSETCATALOG_COMPILER_APPICON_NAME = AppIcon;
				CODE_SIGN_STYLE = Automatic;
				DEVELOPMENT_TEAM = 329X3PY7LJ;
				INFOPLIST_FILE = cloudstart/Info.plist;
				LD_RUNPATH_SEARCH_PATHS = (
					"$(inherited)",
					"@executable_path/Frameworks",
				);
				PRODUCT_BUNDLE_IDENTIFIER = uk.co.automatictester.cloudstart;
				PRODUCT_NAME = "$(TARGET_NAME)";
				SWIFT_OBJC_BRIDGING_HEADER = /Users/irek/git/cloudstart/cloudstart/Bridging_Header.h;
				SWIFT_VERSION = 5.0;
				TARGETED_DEVICE_FAMILY = "1,2";
			};
			name = Release;
		};
/* End XCBuildConfiguration section */

/* Begin XCConfigurationList section */
		3F41B1A822FC534F00EE4AD4 /* Build configuration list for PBXProject "cloudstart" */ = {
			isa = XCConfigurationList;
			buildConfigurations = (
				3F41B1BD22FC534F00EE4AD4 /* Debug */,
				3F41B1BE22FC534F00EE4AD4 /* Release */,
			);
			defaultConfigurationIsVisible = 0;
			defaultConfigurationName = Release;
		};
		3F41B1BF22FC534F00EE4AD4 /* Build configuration list for PBXNativeTarget "cloudstart" */ = {
			isa = XCConfigurationList;
			buildConfigurations = (
				3F41B1C022FC534F00EE4AD4 /* Debug */,
				3F41B1C122FC534F00EE4AD4 /* Release */,
			);
			defaultConfigurationIsVisible = 0;
			defaultConfigurationName = Release;
		};
/* End XCConfigurationList section */
	};
	rootObject = 3F41B1A522FC534F00EE4AD4 /* Project object */;
}
