// !$*UTF8*$!
{
	archiveVersion = 1;
	classes = {
	};
	objectVersion = 51;
	objects = {

/* Begin PBXBuildFile section */
		3F00675D23055A2700EEC4E1 /* InstanceTableViewController.swift in Sources */ = {isa = PBXBuildFile; fileRef = 3F00675C23055A2700EEC4E1 /* InstanceTableViewController.swift */; };
		3F0EEF57231088A900BFC51D /* AwsLambda.swift in Sources */ = {isa = PBXBuildFile; fileRef = 3F0EEF56231088A900BFC51D /* AwsLambda.swift */; };
		3F27A3C923328A53004D8595 /* InstanceListTest.swift in Sources */ = {isa = PBXBuildFile; fileRef = 3F27A3C823328A53004D8595 /* InstanceListTest.swift */; };
		3F27A3CB23328FA4004D8595 /* InstanceTable.swift in Sources */ = {isa = PBXBuildFile; fileRef = 3F27A3CA23328FA4004D8595 /* InstanceTable.swift */; };
		3F27A3CD23329057004D8595 /* InstanceActionsTest.swift in Sources */ = {isa = PBXBuildFile; fileRef = 3F27A3CC23329057004D8595 /* InstanceActionsTest.swift */; };
		3F27A3CF23329AAF004D8595 /* InstanceActions.swift in Sources */ = {isa = PBXBuildFile; fileRef = 3F27A3CE23329AAF004D8595 /* InstanceActions.swift */; };
		3F288CA92314473800DFD4D2 /* LocalDataStore.xcdatamodeld in Sources */ = {isa = PBXBuildFile; fileRef = 3F288CA72314473800DFD4D2 /* LocalDataStore.xcdatamodeld */; };
		3F288CAC2314577D00DFD4D2 /* LocalDataStore+CoreDataProperties.swift in Sources */ = {isa = PBXBuildFile; fileRef = 3F288CAA2314577D00DFD4D2 /* LocalDataStore+CoreDataProperties.swift */; };
		3F288CAD2314577D00DFD4D2 /* LocalDataStore+CoreDataClass.swift in Sources */ = {isa = PBXBuildFile; fileRef = 3F288CAB2314577D00DFD4D2 /* LocalDataStore+CoreDataClass.swift */; };
		3F358E162324DCFA00E2CE1C /* ActionFactory.swift in Sources */ = {isa = PBXBuildFile; fileRef = 3F358E152324DCFA00E2CE1C /* ActionFactory.swift */; };
		3F358E1A2324F57000E2CE1C /* StateHandler.swift in Sources */ = {isa = PBXBuildFile; fileRef = 3F358E192324F57000E2CE1C /* StateHandler.swift */; };
		3F358E1C2324FD4100E2CE1C /* StoppedStateHandler.swift in Sources */ = {isa = PBXBuildFile; fileRef = 3F358E1B2324FD4100E2CE1C /* StoppedStateHandler.swift */; };
		3F358E1E232504E000E2CE1C /* DefaultHandler.swift in Sources */ = {isa = PBXBuildFile; fileRef = 3F358E1D232504E000E2CE1C /* DefaultHandler.swift */; };
		3F358E2023250B0500E2CE1C /* RunningStateHandler.swift in Sources */ = {isa = PBXBuildFile; fileRef = 3F358E1F23250B0500E2CE1C /* RunningStateHandler.swift */; };
		3F3C1F21232FCB77007CA4F7 /* NSDictionaryExtension.swift in Sources */ = {isa = PBXBuildFile; fileRef = 3F3C1F20232FCB77007CA4F7 /* NSDictionaryExtension.swift */; };
		3F41B1B122FC534F00EE4AD4 /* AppDelegate.swift in Sources */ = {isa = PBXBuildFile; fileRef = 3F41B1B022FC534F00EE4AD4 /* AppDelegate.swift */; };
		3F41B1B622FC534F00EE4AD4 /* Main.storyboard in Resources */ = {isa = PBXBuildFile; fileRef = 3F41B1B422FC534F00EE4AD4 /* Main.storyboard */; };
		3F41B1B822FC534F00EE4AD4 /* Assets.xcassets in Resources */ = {isa = PBXBuildFile; fileRef = 3F41B1B722FC534F00EE4AD4 /* Assets.xcassets */; };
		3F41B1BB22FC534F00EE4AD4 /* LaunchScreen.storyboard in Resources */ = {isa = PBXBuildFile; fileRef = 3F41B1B922FC534F00EE4AD4 /* LaunchScreen.storyboard */; };
		3F47ADBA2333CBE500FB8819 /* AwsLambdaProxy.swift in Sources */ = {isa = PBXBuildFile; fileRef = 3F47ADB92333CBE500FB8819 /* AwsLambdaProxy.swift */; };
		3F47ADBC2333CC9A00FB8819 /* AwsLambdaMock.swift in Sources */ = {isa = PBXBuildFile; fileRef = 3F47ADBB2333CC9A00FB8819 /* AwsLambdaMock.swift */; };
		3F4D867822FC9929009FC750 /* logo.png in Resources */ = {isa = PBXBuildFile; fileRef = 3F4D867722FC9929009FC750 /* logo.png */; };
		3F6E595923278F0500503261 /* ActionFactoryTest.swift in Sources */ = {isa = PBXBuildFile; fileRef = 3F6E595823278F0500503261 /* ActionFactoryTest.swift */; };
		3F6E59672327A15E00503261 /* AlertControllerFactory.swift in Sources */ = {isa = PBXBuildFile; fileRef = 3F6E59662327A15E00503261 /* AlertControllerFactory.swift */; };
		3F6E59692327A5AB00503261 /* AlertControllerFactoryTest.swift in Sources */ = {isa = PBXBuildFile; fileRef = 3F6E59682327A5AB00503261 /* AlertControllerFactoryTest.swift */; };
		3F821AEC24200C7D00ECC5B6 /* InstanceStateChangeNotifier.swift in Sources */ = {isa = PBXBuildFile; fileRef = 3F821AEB24200C7D00ECC5B6 /* InstanceStateChangeNotifier.swift */; };
		3FD1FDF2231034A4008891E2 /* awsconfiguration.json in Resources */ = {isa = PBXBuildFile; fileRef = 3FD1FDF1231034A4008891E2 /* awsconfiguration.json */; };
		3FE3D996232A9D92003E76AE /* NSDictionaryExtension.swift in Sources */ = {isa = PBXBuildFile; fileRef = 3FE3D995232A9D92003E76AE /* NSDictionaryExtension.swift */; };
		3FF649832416AB60007963F6 /* InstanceListSorter.swift in Sources */ = {isa = PBXBuildFile; fileRef = 3FF649822416AB60007963F6 /* InstanceListSorter.swift */; };
		3FF649852416AC25007963F6 /* InstanceListSorterTest.swift in Sources */ = {isa = PBXBuildFile; fileRef = 3FF649842416AC25007963F6 /* InstanceListSorterTest.swift */; };
		3FF6A73D232407A5008E1455 /* Instance.swift in Sources */ = {isa = PBXBuildFile; fileRef = 3FF6A738232407A5008E1455 /* Instance.swift */; };
		67A23C884A0394B065560487 /* Pods_cloudstart.framework in Frameworks */ = {isa = PBXBuildFile; fileRef = D93BE4C034E166A39D4AED05 /* Pods_cloudstart.framework */; };
/* End PBXBuildFile section */

/* Begin PBXContainerItemProxy section */
		3F15969423326D58000277C4 /* PBXContainerItemProxy */ = {
			isa = PBXContainerItemProxy;
			containerPortal = 3F41B1A522FC534F00EE4AD4 /* Project object */;
			proxyType = 1;
			remoteGlobalIDString = 3F41B1AC22FC534F00EE4AD4;
			remoteInfo = cloudstart;
		};
		3F6E595B23278F0500503261 /* PBXContainerItemProxy */ = {
			isa = PBXContainerItemProxy;
			containerPortal = 3F41B1A522FC534F00EE4AD4 /* Project object */;
			proxyType = 1;
			remoteGlobalIDString = 3F41B1AC22FC534F00EE4AD4;
			remoteInfo = cloudstart;
		};
/* End PBXContainerItemProxy section */

/* Begin PBXFileReference section */
		12AE97D1DE3B943A48310F52 /* Pods-cloudstart.testing.xcconfig */ = {isa = PBXFileReference; includeInIndex = 1; lastKnownFileType = text.xcconfig; name = "Pods-cloudstart.testing.xcconfig"; path = "Target Support Files/Pods-cloudstart/Pods-cloudstart.testing.xcconfig"; sourceTree = "<group>"; };
		3F00675C23055A2700EEC4E1 /* InstanceTableViewController.swift */ = {isa = PBXFileReference; lastKnownFileType = sourcecode.swift; path = InstanceTableViewController.swift; sourceTree = "<group>"; };
		3F0EEF56231088A900BFC51D /* AwsLambda.swift */ = {isa = PBXFileReference; lastKnownFileType = sourcecode.swift; path = AwsLambda.swift; sourceTree = "<group>"; };
		3F15968F23326D58000277C4 /* cloudstart-ui-tests.xctest */ = {isa = PBXFileReference; explicitFileType = wrapper.cfbundle; includeInIndex = 0; path = "cloudstart-ui-tests.xctest"; sourceTree = BUILT_PRODUCTS_DIR; };
		3F15969323326D58000277C4 /* Info.plist */ = {isa = PBXFileReference; lastKnownFileType = text.plist.xml; path = Info.plist; sourceTree = "<group>"; };
		3F27A3C823328A53004D8595 /* InstanceListTest.swift */ = {isa = PBXFileReference; fileEncoding = 4; lastKnownFileType = sourcecode.swift; path = InstanceListTest.swift; sourceTree = "<group>"; };
		3F27A3CA23328FA4004D8595 /* InstanceTable.swift */ = {isa = PBXFileReference; lastKnownFileType = sourcecode.swift; path = InstanceTable.swift; sourceTree = "<group>"; };
		3F27A3CC23329057004D8595 /* InstanceActionsTest.swift */ = {isa = PBXFileReference; lastKnownFileType = sourcecode.swift; path = InstanceActionsTest.swift; sourceTree = "<group>"; };
		3F27A3CE23329AAF004D8595 /* InstanceActions.swift */ = {isa = PBXFileReference; lastKnownFileType = sourcecode.swift; path = InstanceActions.swift; sourceTree = "<group>"; };
		3F288CA82314473800DFD4D2 /* LocalDataStore.xcdatamodel */ = {isa = PBXFileReference; lastKnownFileType = wrapper.xcdatamodel; path = LocalDataStore.xcdatamodel; sourceTree = "<group>"; };
		3F288CAA2314577D00DFD4D2 /* LocalDataStore+CoreDataProperties.swift */ = {isa = PBXFileReference; fileEncoding = 4; lastKnownFileType = sourcecode.swift; path = "LocalDataStore+CoreDataProperties.swift"; sourceTree = "<group>"; };
		3F288CAB2314577D00DFD4D2 /* LocalDataStore+CoreDataClass.swift */ = {isa = PBXFileReference; fileEncoding = 4; lastKnownFileType = sourcecode.swift; path = "LocalDataStore+CoreDataClass.swift"; sourceTree = "<group>"; };
		3F358E152324DCFA00E2CE1C /* ActionFactory.swift */ = {isa = PBXFileReference; lastKnownFileType = sourcecode.swift; path = ActionFactory.swift; sourceTree = "<group>"; };
		3F358E192324F57000E2CE1C /* StateHandler.swift */ = {isa = PBXFileReference; lastKnownFileType = sourcecode.swift; path = StateHandler.swift; sourceTree = "<group>"; };
		3F358E1B2324FD4100E2CE1C /* StoppedStateHandler.swift */ = {isa = PBXFileReference; lastKnownFileType = sourcecode.swift; path = StoppedStateHandler.swift; sourceTree = "<group>"; };
		3F358E1D232504E000E2CE1C /* DefaultHandler.swift */ = {isa = PBXFileReference; lastKnownFileType = sourcecode.swift; path = DefaultHandler.swift; sourceTree = "<group>"; };
		3F358E1F23250B0500E2CE1C /* RunningStateHandler.swift */ = {isa = PBXFileReference; lastKnownFileType = sourcecode.swift; path = RunningStateHandler.swift; sourceTree = "<group>"; };
		3F3C1F1E232FC9EB007CA4F7 /* awsconfiguration-template.json */ = {isa = PBXFileReference; lastKnownFileType = text.json; path = "awsconfiguration-template.json"; sourceTree = "<group>"; };
		3F3C1F20232FCB77007CA4F7 /* NSDictionaryExtension.swift */ = {isa = PBXFileReference; lastKnownFileType = sourcecode.swift; path = NSDictionaryExtension.swift; sourceTree = "<group>"; };
		3F41B1AD22FC534F00EE4AD4 /* cloudstart.app */ = {isa = PBXFileReference; explicitFileType = wrapper.application; includeInIndex = 0; path = cloudstart.app; sourceTree = BUILT_PRODUCTS_DIR; };
		3F41B1B022FC534F00EE4AD4 /* AppDelegate.swift */ = {isa = PBXFileReference; lastKnownFileType = sourcecode.swift; path = AppDelegate.swift; sourceTree = "<group>"; };
		3F41B1B522FC534F00EE4AD4 /* Base */ = {isa = PBXFileReference; lastKnownFileType = file.storyboard; name = Base; path = Base.lproj/Main.storyboard; sourceTree = "<group>"; };
		3F41B1B722FC534F00EE4AD4 /* Assets.xcassets */ = {isa = PBXFileReference; lastKnownFileType = folder.assetcatalog; path = Assets.xcassets; sourceTree = "<group>"; };
		3F41B1BA22FC534F00EE4AD4 /* Base */ = {isa = PBXFileReference; lastKnownFileType = file.storyboard; name = Base; path = Base.lproj/LaunchScreen.storyboard; sourceTree = "<group>"; };
		3F41B1BC22FC534F00EE4AD4 /* Info.plist */ = {isa = PBXFileReference; lastKnownFileType = text.plist.xml; path = Info.plist; sourceTree = "<group>"; };
		3F47ADB92333CBE500FB8819 /* AwsLambdaProxy.swift */ = {isa = PBXFileReference; lastKnownFileType = sourcecode.swift; path = AwsLambdaProxy.swift; sourceTree = "<group>"; };
		3F47ADBB2333CC9A00FB8819 /* AwsLambdaMock.swift */ = {isa = PBXFileReference; lastKnownFileType = sourcecode.swift; path = AwsLambdaMock.swift; sourceTree = "<group>"; };
		3F4D867722FC9929009FC750 /* logo.png */ = {isa = PBXFileReference; lastKnownFileType = image.png; path = logo.png; sourceTree = "<group>"; };
		3F6E595623278F0500503261 /* cloudstart-tests.xctest */ = {isa = PBXFileReference; explicitFileType = wrapper.cfbundle; includeInIndex = 0; path = "cloudstart-tests.xctest"; sourceTree = BUILT_PRODUCTS_DIR; };
		3F6E595823278F0500503261 /* ActionFactoryTest.swift */ = {isa = PBXFileReference; lastKnownFileType = sourcecode.swift; path = ActionFactoryTest.swift; sourceTree = "<group>"; };
		3F6E595A23278F0500503261 /* Info.plist */ = {isa = PBXFileReference; lastKnownFileType = text.plist.xml; path = Info.plist; sourceTree = "<group>"; };
		3F6E59662327A15E00503261 /* AlertControllerFactory.swift */ = {isa = PBXFileReference; lastKnownFileType = sourcecode.swift; path = AlertControllerFactory.swift; sourceTree = "<group>"; };
		3F6E59682327A5AB00503261 /* AlertControllerFactoryTest.swift */ = {isa = PBXFileReference; lastKnownFileType = sourcecode.swift; name = AlertControllerFactoryTest.swift; path = StateHandler/AlertControllerFactoryTest.swift; sourceTree = "<group>"; };
		3F821AEB24200C7D00ECC5B6 /* InstanceStateChangeNotifier.swift */ = {isa = PBXFileReference; lastKnownFileType = sourcecode.swift; path = InstanceStateChangeNotifier.swift; sourceTree = "<group>"; };
		3FD1FDF1231034A4008891E2 /* awsconfiguration.json */ = {isa = PBXFileReference; fileEncoding = 4; lastKnownFileType = text.json; path = awsconfiguration.json; sourceTree = "<group>"; };
		3FE3D995232A9D92003E76AE /* NSDictionaryExtension.swift */ = {isa = PBXFileReference; lastKnownFileType = sourcecode.swift; path = NSDictionaryExtension.swift; sourceTree = "<group>"; };
		3FF649822416AB60007963F6 /* InstanceListSorter.swift */ = {isa = PBXFileReference; lastKnownFileType = sourcecode.swift; path = InstanceListSorter.swift; sourceTree = "<group>"; };
		3FF649842416AC25007963F6 /* InstanceListSorterTest.swift */ = {isa = PBXFileReference; lastKnownFileType = sourcecode.swift; path = InstanceListSorterTest.swift; sourceTree = "<group>"; };
		3FF6A738232407A5008E1455 /* Instance.swift */ = {isa = PBXFileReference; fileEncoding = 4; lastKnownFileType = sourcecode.swift; path = Instance.swift; sourceTree = "<group>"; };
		49F80C14502D47075EFF64DB /* Pods-cloudstart.release.xcconfig */ = {isa = PBXFileReference; includeInIndex = 1; lastKnownFileType = text.xcconfig; name = "Pods-cloudstart.release.xcconfig"; path = "Target Support Files/Pods-cloudstart/Pods-cloudstart.release.xcconfig"; sourceTree = "<group>"; };
		CB97E2D0D9D6815E492FC608 /* Pods-cloudstart.debug.xcconfig */ = {isa = PBXFileReference; includeInIndex = 1; lastKnownFileType = text.xcconfig; name = "Pods-cloudstart.debug.xcconfig"; path = "Target Support Files/Pods-cloudstart/Pods-cloudstart.debug.xcconfig"; sourceTree = "<group>"; };
		D93BE4C034E166A39D4AED05 /* Pods_cloudstart.framework */ = {isa = PBXFileReference; explicitFileType = wrapper.framework; includeInIndex = 0; path = Pods_cloudstart.framework; sourceTree = BUILT_PRODUCTS_DIR; };
/* End PBXFileReference section */

/* Begin PBXFrameworksBuildPhase section */
		3F15968C23326D58000277C4 /* Frameworks */ = {
			isa = PBXFrameworksBuildPhase;
			buildActionMask = 2147483647;
			files = (
			);
			runOnlyForDeploymentPostprocessing = 0;
		};
		3F41B1AA22FC534F00EE4AD4 /* Frameworks */ = {
			isa = PBXFrameworksBuildPhase;
			buildActionMask = 2147483647;
			files = (
				67A23C884A0394B065560487 /* Pods_cloudstart.framework in Frameworks */,
			);
			runOnlyForDeploymentPostprocessing = 0;
		};
		3F6E595323278F0500503261 /* Frameworks */ = {
			isa = PBXFrameworksBuildPhase;
			buildActionMask = 2147483647;
			files = (
			);
			runOnlyForDeploymentPostprocessing = 0;
		};
/* End PBXFrameworksBuildPhase section */

/* Begin PBXGroup section */
		3C2ECB87094024A9F89D170E /* Pods */ = {
			isa = PBXGroup;
			children = (
				CB97E2D0D9D6815E492FC608 /* Pods-cloudstart.debug.xcconfig */,
				49F80C14502D47075EFF64DB /* Pods-cloudstart.release.xcconfig */,
				12AE97D1DE3B943A48310F52 /* Pods-cloudstart.testing.xcconfig */,
			);
			path = Pods;
			sourceTree = "<group>";
		};
		3F15969023326D58000277C4 /* cloudstart-ui-tests */ = {
			isa = PBXGroup;
			children = (
				3F27A3CA23328FA4004D8595 /* InstanceTable.swift */,
				3F27A3CE23329AAF004D8595 /* InstanceActions.swift */,
				3F27A3C823328A53004D8595 /* InstanceListTest.swift */,
				3F27A3CC23329057004D8595 /* InstanceActionsTest.swift */,
				3F15969323326D58000277C4 /* Info.plist */,
			);
			path = "cloudstart-ui-tests";
			sourceTree = "<group>";
		};
		3F358E172324F27600E2CE1C /* CoreData */ = {
			isa = PBXGroup;
			children = (
				3F288CA72314473800DFD4D2 /* LocalDataStore.xcdatamodeld */,
				3F288CAB2314577D00DFD4D2 /* LocalDataStore+CoreDataClass.swift */,
				3F288CAA2314577D00DFD4D2 /* LocalDataStore+CoreDataProperties.swift */,
			);
			path = CoreData;
			sourceTree = "<group>";
		};
		3F358E212325106200E2CE1C /* StateHandler */ = {
			isa = PBXGroup;
			children = (
				3F358E192324F57000E2CE1C /* StateHandler.swift */,
				3F358E1B2324FD4100E2CE1C /* StoppedStateHandler.swift */,
				3F358E1D232504E000E2CE1C /* DefaultHandler.swift */,
				3F358E1F23250B0500E2CE1C /* RunningStateHandler.swift */,
				3F6E59662327A15E00503261 /* AlertControllerFactory.swift */,
			);
			name = StateHandler;
			sourceTree = "<group>";
		};
		3F41B1A422FC534F00EE4AD4 = {
			isa = PBXGroup;
			children = (
				3F41B1AF22FC534F00EE4AD4 /* cloudstart */,
				3F6E595723278F0500503261 /* cloudstart-tests */,
				3F15969023326D58000277C4 /* cloudstart-ui-tests */,
				3F41B1AE22FC534F00EE4AD4 /* Products */,
				3C2ECB87094024A9F89D170E /* Pods */,
				C5731022B6A627CE92275168 /* Frameworks */,
			);
			sourceTree = "<group>";
		};
		3F41B1AE22FC534F00EE4AD4 /* Products */ = {
			isa = PBXGroup;
			children = (
				3F41B1AD22FC534F00EE4AD4 /* cloudstart.app */,
				3F6E595623278F0500503261 /* cloudstart-tests.xctest */,
				3F15968F23326D58000277C4 /* cloudstart-ui-tests.xctest */,
			);
			name = Products;
			sourceTree = "<group>";
		};
		3F41B1AF22FC534F00EE4AD4 /* cloudstart */ = {
			isa = PBXGroup;
			children = (
				3F47ADB82333CBCD00FB8819 /* Aws */,
				3F358E212325106200E2CE1C /* StateHandler */,
				3F358E172324F27600E2CE1C /* CoreData */,
				3FD1FDF1231034A4008891E2 /* awsconfiguration.json */,
				3F3C1F1E232FC9EB007CA4F7 /* awsconfiguration-template.json */,
				3F4D867722FC9929009FC750 /* logo.png */,
				3F41B1B722FC534F00EE4AD4 /* Assets.xcassets */,
				3F41B1B422FC534F00EE4AD4 /* Main.storyboard */,
				3F41B1B922FC534F00EE4AD4 /* LaunchScreen.storyboard */,
				3FF6A738232407A5008E1455 /* Instance.swift */,
				3F41B1B022FC534F00EE4AD4 /* AppDelegate.swift */,
				3F358E152324DCFA00E2CE1C /* ActionFactory.swift */,
				3F00675C23055A2700EEC4E1 /* InstanceTableViewController.swift */,
				3FE3D995232A9D92003E76AE /* NSDictionaryExtension.swift */,
				3FF649822416AB60007963F6 /* InstanceListSorter.swift */,
				3F821AEB24200C7D00ECC5B6 /* InstanceStateChangeNotifier.swift */,
				3F41B1BC22FC534F00EE4AD4 /* Info.plist */,
			);
			path = cloudstart;
			sourceTree = "<group>";
		};
		3F47ADB82333CBCD00FB8819 /* Aws */ = {
			isa = PBXGroup;
			children = (
				3F47ADB92333CBE500FB8819 /* AwsLambdaProxy.swift */,
				3F0EEF56231088A900BFC51D /* AwsLambda.swift */,
				3F47ADBB2333CC9A00FB8819 /* AwsLambdaMock.swift */,
			);
			path = Aws;
			sourceTree = "<group>";
		};
		3F6E595723278F0500503261 /* cloudstart-tests */ = {
			isa = PBXGroup;
			children = (
				3F6E595823278F0500503261 /* ActionFactoryTest.swift */,
				3F6E59682327A5AB00503261 /* AlertControllerFactoryTest.swift */,
				3F3C1F20232FCB77007CA4F7 /* NSDictionaryExtension.swift */,
				3FF649842416AC25007963F6 /* InstanceListSorterTest.swift */,
				3F6E595A23278F0500503261 /* Info.plist */,
			);
			path = "cloudstart-tests";
			sourceTree = "<group>";
		};
		C5731022B6A627CE92275168 /* Frameworks */ = {
			isa = PBXGroup;
			children = (
				D93BE4C034E166A39D4AED05 /* Pods_cloudstart.framework */,
			);
			name = Frameworks;
			sourceTree = "<group>";
		};
/* End PBXGroup section */

/* Begin PBXNativeTarget section */
		3F15968E23326D58000277C4 /* cloudstart-ui-tests */ = {
			isa = PBXNativeTarget;
			buildConfigurationList = 3F15969823326D58000277C4 /* Build configuration list for PBXNativeTarget "cloudstart-ui-tests" */;
			buildPhases = (
				3F15968B23326D58000277C4 /* Sources */,
				3F15968C23326D58000277C4 /* Frameworks */,
				3F15968D23326D58000277C4 /* Resources */,
			);
			buildRules = (
			);
			dependencies = (
				3F15969523326D58000277C4 /* PBXTargetDependency */,
			);
			name = "cloudstart-ui-tests";
			productName = "cloudstart-ui-tests";
			productReference = 3F15968F23326D58000277C4 /* cloudstart-ui-tests.xctest */;
			productType = "com.apple.product-type.bundle.ui-testing";
		};
		3F41B1AC22FC534F00EE4AD4 /* cloudstart */ = {
			isa = PBXNativeTarget;
			buildConfigurationList = 3F41B1BF22FC534F00EE4AD4 /* Build configuration list for PBXNativeTarget "cloudstart" */;
			buildPhases = (
				6E71108BA7C3BCFD0D72DFB2 /* [CP] Check Pods Manifest.lock */,
				3F41B1A922FC534F00EE4AD4 /* Sources */,
				3F41B1AA22FC534F00EE4AD4 /* Frameworks */,
				3F41B1AB22FC534F00EE4AD4 /* Resources */,
				91245EB70EE64CFC41EC7BA5 /* [CP] Embed Pods Frameworks */,
			);
			buildRules = (
			);
			dependencies = (
			);
			name = cloudstart;
			productName = cloudstart;
			productReference = 3F41B1AD22FC534F00EE4AD4 /* cloudstart.app */;
			productType = "com.apple.product-type.application";
		};
		3F6E595523278F0500503261 /* cloudstart-tests */ = {
			isa = PBXNativeTarget;
			buildConfigurationList = 3F6E595F23278F0500503261 /* Build configuration list for PBXNativeTarget "cloudstart-tests" */;
			buildPhases = (
				3F6E595223278F0500503261 /* Sources */,
				3F6E595323278F0500503261 /* Frameworks */,
				3F6E595423278F0500503261 /* Resources */,
			);
			buildRules = (
			);
			dependencies = (
				3F6E595C23278F0500503261 /* PBXTargetDependency */,
			);
			name = "cloudstart-tests";
			productName = "cloudstart-tests";
			productReference = 3F6E595623278F0500503261 /* cloudstart-tests.xctest */;
			productType = "com.apple.product-type.bundle.unit-test";
		};
/* End PBXNativeTarget section */

/* Begin PBXProject section */
		3F41B1A522FC534F00EE4AD4 /* Project object */ = {
			isa = PBXProject;
			attributes = {
				LastSwiftUpdateCheck = 1030;
				LastUpgradeCheck = 1030;
				ORGANIZATIONNAME = "Ireneusz Pastusiak";
				TargetAttributes = {
					3F15968E23326D58000277C4 = {
						CreatedOnToolsVersion = 10.3;
						TestTargetID = 3F41B1AC22FC534F00EE4AD4;
					};
					3F41B1AC22FC534F00EE4AD4 = {
						CreatedOnToolsVersion = 10.3;
					};
					3F6E595523278F0500503261 = {
						CreatedOnToolsVersion = 10.3;
						TestTargetID = 3F41B1AC22FC534F00EE4AD4;
					};
				};
			};
			buildConfigurationList = 3F41B1A822FC534F00EE4AD4 /* Build configuration list for PBXProject "cloudstart" */;
			compatibilityVersion = "Xcode 9.3";
			developmentRegion = en;
			hasScannedForEncodings = 0;
			knownRegions = (
				en,
				Base,
			);
			mainGroup = 3F41B1A422FC534F00EE4AD4;
			productRefGroup = 3F41B1AE22FC534F00EE4AD4 /* Products */;
			projectDirPath = "";
			projectRoot = "";
			targets = (
				3F41B1AC22FC534F00EE4AD4 /* cloudstart */,
				3F6E595523278F0500503261 /* cloudstart-tests */,
				3F15968E23326D58000277C4 /* cloudstart-ui-tests */,
			);
		};
/* End PBXProject section */

/* Begin PBXResourcesBuildPhase section */
		3F15968D23326D58000277C4 /* Resources */ = {
			isa = PBXResourcesBuildPhase;
			buildActionMask = 2147483647;
			files = (
			);
			runOnlyForDeploymentPostprocessing = 0;
		};
		3F41B1AB22FC534F00EE4AD4 /* Resources */ = {
			isa = PBXResourcesBuildPhase;
			buildActionMask = 2147483647;
			files = (
				3FD1FDF2231034A4008891E2 /* awsconfiguration.json in Resources */,
				3F41B1BB22FC534F00EE4AD4 /* LaunchScreen.storyboard in Resources */,
				3F4D867822FC9929009FC750 /* logo.png in Resources */,
				3F41B1B822FC534F00EE4AD4 /* Assets.xcassets in Resources */,
				3F41B1B622FC534F00EE4AD4 /* Main.storyboard in Resources */,
			);
			runOnlyForDeploymentPostprocessing = 0;
		};
		3F6E595423278F0500503261 /* Resources */ = {
			isa = PBXResourcesBuildPhase;
			buildActionMask = 2147483647;
			files = (
			);
			runOnlyForDeploymentPostprocessing = 0;
		};
/* End PBXResourcesBuildPhase section */

/* Begin PBXShellScriptBuildPhase section */
		6E71108BA7C3BCFD0D72DFB2 /* [CP] Check Pods Manifest.lock */ = {
			isa = PBXShellScriptBuildPhase;
			buildActionMask = 2147483647;
			files = (
			);
			inputFileListPaths = (
			);
			inputPaths = (
				"${PODS_PODFILE_DIR_PATH}/Podfile.lock",
				"${PODS_ROOT}/Manifest.lock",
			);
			name = "[CP] Check Pods Manifest.lock";
			outputFileListPaths = (
			);
			outputPaths = (
				"$(DERIVED_FILE_DIR)/Pods-cloudstart-checkManifestLockResult.txt",
			);
			runOnlyForDeploymentPostprocessing = 0;
			shellPath = /bin/sh;
			shellScript = "diff \"${PODS_PODFILE_DIR_PATH}/Podfile.lock\" \"${PODS_ROOT}/Manifest.lock\" > /dev/null\nif [ $? != 0 ] ; then\n    # print error to STDERR\n    echo \"error: The sandbox is not in sync with the Podfile.lock. Run 'pod install' or update your CocoaPods installation.\" >&2\n    exit 1\nfi\n# This output is used by Xcode 'outputs' to avoid re-running this script phase.\necho \"SUCCESS\" > \"${SCRIPT_OUTPUT_FILE_0}\"\n";
			showEnvVarsInLog = 0;
		};
		91245EB70EE64CFC41EC7BA5 /* [CP] Embed Pods Frameworks */ = {
			isa = PBXShellScriptBuildPhase;
			buildActionMask = 2147483647;
			files = (
			);
			inputFileListPaths = (
				"${PODS_ROOT}/Target Support Files/Pods-cloudstart/Pods-cloudstart-frameworks-${CONFIGURATION}-input-files.xcfilelist",
			);
			name = "[CP] Embed Pods Frameworks";
			outputFileListPaths = (
				"${PODS_ROOT}/Target Support Files/Pods-cloudstart/Pods-cloudstart-frameworks-${CONFIGURATION}-output-files.xcfilelist",
			);
			runOnlyForDeploymentPostprocessing = 0;
			shellPath = /bin/sh;
			shellScript = "\"${PODS_ROOT}/Target Support Files/Pods-cloudstart/Pods-cloudstart-frameworks.sh\"\n";
			showEnvVarsInLog = 0;
		};
/* End PBXShellScriptBuildPhase section */

/* Begin PBXSourcesBuildPhase section */
		3F15968B23326D58000277C4 /* Sources */ = {
			isa = PBXSourcesBuildPhase;
			buildActionMask = 2147483647;
			files = (
				3F27A3C923328A53004D8595 /* InstanceListTest.swift in Sources */,
				3F27A3CB23328FA4004D8595 /* InstanceTable.swift in Sources */,
				3F27A3CF23329AAF004D8595 /* InstanceActions.swift in Sources */,
				3F27A3CD23329057004D8595 /* InstanceActionsTest.swift in Sources */,
			);
			runOnlyForDeploymentPostprocessing = 0;
		};
		3F41B1A922FC534F00EE4AD4 /* Sources */ = {
			isa = PBXSourcesBuildPhase;
			buildActionMask = 2147483647;
			files = (
				3F41B1B122FC534F00EE4AD4 /* AppDelegate.swift in Sources */,
				3F288CA92314473800DFD4D2 /* LocalDataStore.xcdatamodeld in Sources */,
				3F0EEF57231088A900BFC51D /* AwsLambda.swift in Sources */,
				3F358E2023250B0500E2CE1C /* RunningStateHandler.swift in Sources */,
				3F47ADBC2333CC9A00FB8819 /* AwsLambdaMock.swift in Sources */,
				3F47ADBA2333CBE500FB8819 /* AwsLambdaProxy.swift in Sources */,
				3F358E1E232504E000E2CE1C /* DefaultHandler.swift in Sources */,
				3F358E1A2324F57000E2CE1C /* StateHandler.swift in Sources */,
				3F358E162324DCFA00E2CE1C /* ActionFactory.swift in Sources */,
				3F00675D23055A2700EEC4E1 /* InstanceTableViewController.swift in Sources */,
				3F288CAD2314577D00DFD4D2 /* LocalDataStore+CoreDataClass.swift in Sources */,
				3F6E59672327A15E00503261 /* AlertControllerFactory.swift in Sources */,
				3F821AEC24200C7D00ECC5B6 /* InstanceStateChangeNotifier.swift in Sources */,
				3F358E1C2324FD4100E2CE1C /* StoppedStateHandler.swift in Sources */,
				3FF6A73D232407A5008E1455 /* Instance.swift in Sources */,
				3FE3D996232A9D92003E76AE /* NSDictionaryExtension.swift in Sources */,
				3F288CAC2314577D00DFD4D2 /* LocalDataStore+CoreDataProperties.swift in Sources */,
				3FF649832416AB60007963F6 /* InstanceListSorter.swift in Sources */,
			);
			runOnlyForDeploymentPostprocessing = 0;
		};
		3F6E595223278F0500503261 /* Sources */ = {
			isa = PBXSourcesBuildPhase;
			buildActionMask = 2147483647;
			files = (
				3F6E59692327A5AB00503261 /* AlertControllerFactoryTest.swift in Sources */,
				3F3C1F21232FCB77007CA4F7 /* NSDictionaryExtension.swift in Sources */,
				3F6E595923278F0500503261 /* ActionFactoryTest.swift in Sources */,
				3FF649852416AC25007963F6 /* InstanceListSorterTest.swift in Sources */,
			);
			runOnlyForDeploymentPostprocessing = 0;
		};
/* End PBXSourcesBuildPhase section */

/* Begin PBXTargetDependency section */
		3F15969523326D58000277C4 /* PBXTargetDependency */ = {
			isa = PBXTargetDependency;
			target = 3F41B1AC22FC534F00EE4AD4 /* cloudstart */;
			targetProxy = 3F15969423326D58000277C4 /* PBXContainerItemProxy */;
		};
		3F6E595C23278F0500503261 /* PBXTargetDependency */ = {
			isa = PBXTargetDependency;
			target = 3F41B1AC22FC534F00EE4AD4 /* cloudstart */;
			targetProxy = 3F6E595B23278F0500503261 /* PBXContainerItemProxy */;
		};
/* End PBXTargetDependency section */

/* Begin PBXVariantGroup section */
		3F41B1B422FC534F00EE4AD4 /* Main.storyboard */ = {
			isa = PBXVariantGroup;
			children = (
				3F41B1B522FC534F00EE4AD4 /* Base */,
			);
			name = Main.storyboard;
			sourceTree = "<group>";
		};
		3F41B1B922FC534F00EE4AD4 /* LaunchScreen.storyboard */ = {
			isa = PBXVariantGroup;
			children = (
				3F41B1BA22FC534F00EE4AD4 /* Base */,
			);
			name = LaunchScreen.storyboard;
			sourceTree = "<group>";
		};
/* End PBXVariantGroup section */

/* Begin XCBuildConfiguration section */
		3F15969623326D58000277C4 /* Debug */ = {
			isa = XCBuildConfiguration;
			buildSettings = {
				CODE_SIGN_STYLE = Automatic;
				DEVELOPMENT_TEAM = 329X3PY7LJ;
				INFOPLIST_FILE = "cloudstart-ui-tests/Info.plist";
				LD_RUNPATH_SEARCH_PATHS = (
					"$(inherited)",
					"@executable_path/Frameworks",
					"@loader_path/Frameworks",
				);
				OTHER_SWIFT_FLAGS = "-D MOCK_AWS";
				PRODUCT_BUNDLE_IDENTIFIER = "uk.co.automatictester.cloudstart-ui-tests";
				PRODUCT_NAME = "$(TARGET_NAME)";
				SWIFT_VERSION = 5.0;
				TARGETED_DEVICE_FAMILY = "1,2";
				TEST_TARGET_NAME = cloudstart;
			};
			name = Debug;
		};
		3F15969723326D58000277C4 /* Release */ = {
			isa = XCBuildConfiguration;
			buildSettings = {
				CODE_SIGN_STYLE = Automatic;
				DEVELOPMENT_TEAM = 329X3PY7LJ;
				INFOPLIST_FILE = "cloudstart-ui-tests/Info.plist";
				LD_RUNPATH_SEARCH_PATHS = (
					"$(inherited)",
					"@executable_path/Frameworks",
					"@loader_path/Frameworks",
				);
				OTHER_SWIFT_FLAGS = "-D MOCK_AWS";
				PRODUCT_BUNDLE_IDENTIFIER = "uk.co.automatictester.cloudstart-ui-tests";
				PRODUCT_NAME = "$(TARGET_NAME)";
				SWIFT_VERSION = 5.0;
				TARGETED_DEVICE_FAMILY = "1,2";
				TEST_TARGET_NAME = cloudstart;
			};
			name = Release;
		};
		3F41B1BD22FC534F00EE4AD4 /* Debug */ = {
			isa = XCBuildConfiguration;
			buildSettings = {
				ALWAYS_SEARCH_USER_PATHS = NO;
				CLANG_ANALYZER_NONNULL = YES;
				CLANG_ANALYZER_NUMBER_OBJECT_CONVERSION = YES_AGGRESSIVE;
				CLANG_CXX_LANGUAGE_STANDARD = "gnu++14";
				CLANG_CXX_LIBRARY = "libc++";
				CLANG_ENABLE_MODULES = YES;
				CLANG_ENABLE_OBJC_ARC = YES;
				CLANG_ENABLE_OBJC_WEAK = YES;
				CLANG_WARN_BLOCK_CAPTURE_AUTORELEASING = YES;
				CLANG_WARN_BOOL_CONVERSION = YES;
				CLANG_WARN_COMMA = YES;
				CLANG_WARN_CONSTANT_CONVERSION = YES;
				CLANG_WARN_DEPRECATED_OBJC_IMPLEMENTATIONS = YES;
				CLANG_WARN_DIRECT_OBJC_ISA_USAGE = YES_ERROR;
				CLANG_WARN_DOCUMENTATION_COMMENTS = YES;
				CLANG_WARN_EMPTY_BODY = YES;
				CLANG_WARN_ENUM_CONVERSION = YES;
				CLANG_WARN_INFINITE_RECURSION = YES;
				CLANG_WARN_INT_CONVERSION = YES;
				CLANG_WARN_NON_LITERAL_NULL_CONVERSION = YES;
				CLANG_WARN_OBJC_IMPLICIT_RETAIN_SELF = YES;
				CLANG_WARN_OBJC_LITERAL_CONVERSION = YES;
				CLANG_WARN_OBJC_ROOT_CLASS = YES_ERROR;
				CLANG_WARN_RANGE_LOOP_ANALYSIS = YES;
				CLANG_WARN_STRICT_PROTOTYPES = YES;
				CLANG_WARN_SUSPICIOUS_MOVE = YES;
				CLANG_WARN_UNGUARDED_AVAILABILITY = YES_AGGRESSIVE;
				CLANG_WARN_UNREACHABLE_CODE = YES;
				CLANG_WARN__DUPLICATE_METHOD_MATCH = YES;
				CODE_SIGN_IDENTITY = "iPhone Developer";
				COPY_PHASE_STRIP = NO;
				DEBUG_INFORMATION_FORMAT = dwarf;
				ENABLE_STRICT_OBJC_MSGSEND = YES;
				ENABLE_TESTABILITY = YES;
				GCC_C_LANGUAGE_STANDARD = gnu11;
				GCC_DYNAMIC_NO_PIC = NO;
				GCC_GENERATE_TEST_COVERAGE_FILES = YES;
				GCC_NO_COMMON_BLOCKS = YES;
				GCC_OPTIMIZATION_LEVEL = 0;
				GCC_PREPROCESSOR_DEFINITIONS = (
					"DEBUG=1",
					"$(inherited)",
				);
				GCC_WARN_64_TO_32_BIT_CONVERSION = YES;
				GCC_WARN_ABOUT_RETURN_TYPE = YES_ERROR;
				GCC_WARN_UNDECLARED_SELECTOR = YES;
				GCC_WARN_UNINITIALIZED_AUTOS = YES_AGGRESSIVE;
				GCC_WARN_UNUSED_FUNCTION = YES;
				GCC_WARN_UNUSED_VARIABLE = YES;
				IPHONEOS_DEPLOYMENT_TARGET = 13.0;
				MTL_ENABLE_DEBUG_INFO = INCLUDE_SOURCE;
				MTL_FAST_MATH = YES;
				ONLY_ACTIVE_ARCH = YES;
				SDKROOT = iphoneos;
				SWIFT_ACTIVE_COMPILATION_CONDITIONS = DEBUG;
				SWIFT_OBJC_BRIDGING_HEADER = "";
				SWIFT_OPTIMIZATION_LEVEL = "-Onone";
			};
			name = Debug;
		};
		3F41B1BE22FC534F00EE4AD4 /* Release */ = {
			isa = XCBuildConfiguration;
			buildSettings = {
				ALWAYS_SEARCH_USER_PATHS = NO;
				CLANG_ANALYZER_NONNULL = YES;
				CLANG_ANALYZER_NUMBER_OBJECT_CONVERSION = YES_AGGRESSIVE;
				CLANG_CXX_LANGUAGE_STANDARD = "gnu++14";
				CLANG_CXX_LIBRARY = "libc++";
				CLANG_ENABLE_MODULES = YES;
				CLANG_ENABLE_OBJC_ARC = YES;
				CLANG_ENABLE_OBJC_WEAK = YES;
				CLANG_WARN_BLOCK_CAPTURE_AUTORELEASING = YES;
				CLANG_WARN_BOOL_CONVERSION = YES;
				CLANG_WARN_COMMA = YES;
				CLANG_WARN_CONSTANT_CONVERSION = YES;
				CLANG_WARN_DEPRECATED_OBJC_IMPLEMENTATIONS = YES;
				CLANG_WARN_DIRECT_OBJC_ISA_USAGE = YES_ERROR;
				CLANG_WARN_DOCUMENTATION_COMMENTS = YES;
				CLANG_WARN_EMPTY_BODY = YES;
				CLANG_WARN_ENUM_CONVERSION = YES;
				CLANG_WARN_INFINITE_RECURSION = YES;
				CLANG_WARN_INT_CONVERSION = YES;
				CLANG_WARN_NON_LITERAL_NULL_CONVERSION = YES;
				CLANG_WARN_OBJC_IMPLICIT_RETAIN_SELF = YES;
				CLANG_WARN_OBJC_LITERAL_CONVERSION = YES;
				CLANG_WARN_OBJC_ROOT_CLASS = YES_ERROR;
				CLANG_WARN_RANGE_LOOP_ANALYSIS = YES;
				CLANG_WARN_STRICT_PROTOTYPES = YES;
				CLANG_WARN_SUSPICIOUS_MOVE = YES;
				CLANG_WARN_UNGUARDED_AVAILABILITY = YES_AGGRESSIVE;
				CLANG_WARN_UNREACHABLE_CODE = YES;
				CLANG_WARN__DUPLICATE_METHOD_MATCH = YES;
				CODE_SIGN_IDENTITY = "iPhone Developer";
				COPY_PHASE_STRIP = NO;
				DEBUG_INFORMATION_FORMAT = "dwarf-with-dsym";
				ENABLE_NS_ASSERTIONS = NO;
				ENABLE_STRICT_OBJC_MSGSEND = YES;
				GCC_C_LANGUAGE_STANDARD = gnu11;
				GCC_GENERATE_TEST_COVERAGE_FILES = YES;
				GCC_NO_COMMON_BLOCKS = YES;
				GCC_WARN_64_TO_32_BIT_CONVERSION = YES;
				GCC_WARN_ABOUT_RETURN_TYPE = YES_ERROR;
				GCC_WARN_UNDECLARED_SELECTOR = YES;
				GCC_WARN_UNINITIALIZED_AUTOS = YES_AGGRESSIVE;
				GCC_WARN_UNUSED_FUNCTION = YES;
				GCC_WARN_UNUSED_VARIABLE = YES;
				IPHONEOS_DEPLOYMENT_TARGET = 13.0;
				MTL_ENABLE_DEBUG_INFO = NO;
				MTL_FAST_MATH = YES;
				SDKROOT = iphoneos;
				SWIFT_COMPILATION_MODE = wholemodule;
				SWIFT_OBJC_BRIDGING_HEADER = "";
				SWIFT_OPTIMIZATION_LEVEL = "-O";
				VALIDATE_PRODUCT = YES;
			};
			name = Release;
		};
		3F41B1C022FC534F00EE4AD4 /* Debug */ = {
			isa = XCBuildConfiguration;
			baseConfigurationReference = CB97E2D0D9D6815E492FC608 /* Pods-cloudstart.debug.xcconfig */;
			buildSettings = {
				ASSETCATALOG_COMPILER_APPICON_NAME = AppIcon;
				CODE_SIGN_STYLE = Automatic;
				DEVELOPMENT_TEAM = 329X3PY7LJ;
				INFOPLIST_FILE = cloudstart/Info.plist;
				LD_RUNPATH_SEARCH_PATHS = (
					"$(inherited)",
					"@executable_path/Frameworks",
				);
				PRODUCT_BUNDLE_IDENTIFIER = uk.co.automatictester.cloudstart;
				PRODUCT_NAME = "$(TARGET_NAME)";
				SWIFT_OBJC_BRIDGING_HEADER = "";
				SWIFT_VERSION = 5.0;
				TARGETED_DEVICE_FAMILY = "1,2";
			};
			name = Debug;
		};
		3F41B1C122FC534F00EE4AD4 /* Release */ = {
			isa = XCBuildConfiguration;
			baseConfigurationReference = 49F80C14502D47075EFF64DB /* Pods-cloudstart.release.xcconfig */;
			buildSettings = {
				ASSETCATALOG_COMPILER_APPICON_NAME = AppIcon;
				CODE_SIGN_STYLE = Automatic;
				DEVELOPMENT_TEAM = 329X3PY7LJ;
				INFOPLIST_FILE = cloudstart/Info.plist;
				LD_RUNPATH_SEARCH_PATHS = (
					"$(inherited)",
					"@executable_path/Frameworks",
				);
				PRODUCT_BUNDLE_IDENTIFIER = uk.co.automatictester.cloudstart;
				PRODUCT_NAME = "$(TARGET_NAME)";
				SWIFT_OBJC_BRIDGING_HEADER = "";
				SWIFT_VERSION = 5.0;
				TARGETED_DEVICE_FAMILY = "1,2";
			};
			name = Release;
		};
		3F6E595D23278F0500503261 /* Debug */ = {
			isa = XCBuildConfiguration;
			buildSettings = {
				BUNDLE_LOADER = "$(TEST_HOST)";
				CODE_SIGN_STYLE = Automatic;
				DEVELOPMENT_TEAM = 329X3PY7LJ;
				INFOPLIST_FILE = "cloudstart-tests/Info.plist";
				LD_RUNPATH_SEARCH_PATHS = (
					"$(inherited)",
					"@executable_path/Frameworks",
					"@loader_path/Frameworks",
				);
				PRODUCT_BUNDLE_IDENTIFIER = "uk.co.automatictester.cloudstart-tests";
				PRODUCT_NAME = "$(TARGET_NAME)";
				SWIFT_VERSION = 5.0;
				TARGETED_DEVICE_FAMILY = "1,2";
				TEST_HOST = "$(BUILT_PRODUCTS_DIR)/cloudstart.app/cloudstart";
			};
			name = Debug;
		};
		3F6E595E23278F0500503261 /* Release */ = {
			isa = XCBuildConfiguration;
			buildSettings = {
				BUNDLE_LOADER = "$(TEST_HOST)";
				CODE_SIGN_STYLE = Automatic;
				DEVELOPMENT_TEAM = 329X3PY7LJ;
				INFOPLIST_FILE = "cloudstart-tests/Info.plist";
				LD_RUNPATH_SEARCH_PATHS = (
					"$(inherited)",
					"@executable_path/Frameworks",
					"@loader_path/Frameworks",
				);
				PRODUCT_BUNDLE_IDENTIFIER = "uk.co.automatictester.cloudstart-tests";
				PRODUCT_NAME = "$(TARGET_NAME)";
				SWIFT_VERSION = 5.0;
				TARGETED_DEVICE_FAMILY = "1,2";
				TEST_HOST = "$(BUILT_PRODUCTS_DIR)/cloudstart.app/cloudstart";
			};
			name = Release;
		};
		3FD5EB0B233A86C600006069 /* Testing */ = {
			isa = XCBuildConfiguration;
			buildSettings = {
				ALWAYS_SEARCH_USER_PATHS = NO;
				CLANG_ANALYZER_NONNULL = YES;
				CLANG_ANALYZER_NUMBER_OBJECT_CONVERSION = YES_AGGRESSIVE;
				CLANG_CXX_LANGUAGE_STANDARD = "gnu++14";
				CLANG_CXX_LIBRARY = "libc++";
				CLANG_ENABLE_MODULES = YES;
				CLANG_ENABLE_OBJC_ARC = YES;
				CLANG_ENABLE_OBJC_WEAK = YES;
				CLANG_WARN_BLOCK_CAPTURE_AUTORELEASING = YES;
				CLANG_WARN_BOOL_CONVERSION = YES;
				CLANG_WARN_COMMA = YES;
				CLANG_WARN_CONSTANT_CONVERSION = YES;
				CLANG_WARN_DEPRECATED_OBJC_IMPLEMENTATIONS = YES;
				CLANG_WARN_DIRECT_OBJC_ISA_USAGE = YES_ERROR;
				CLANG_WARN_DOCUMENTATION_COMMENTS = YES;
				CLANG_WARN_EMPTY_BODY = YES;
				CLANG_WARN_ENUM_CONVERSION = YES;
				CLANG_WARN_INFINITE_RECURSION = YES;
				CLANG_WARN_INT_CONVERSION = YES;
				CLANG_WARN_NON_LITERAL_NULL_CONVERSION = YES;
				CLANG_WARN_OBJC_IMPLICIT_RETAIN_SELF = YES;
				CLANG_WARN_OBJC_LITERAL_CONVERSION = YES;
				CLANG_WARN_OBJC_ROOT_CLASS = YES_ERROR;
				CLANG_WARN_RANGE_LOOP_ANALYSIS = YES;
				CLANG_WARN_STRICT_PROTOTYPES = YES;
				CLANG_WARN_SUSPICIOUS_MOVE = YES;
				CLANG_WARN_UNGUARDED_AVAILABILITY = YES_AGGRESSIVE;
				CLANG_WARN_UNREACHABLE_CODE = YES;
				CLANG_WARN__DUPLICATE_METHOD_MATCH = YES;
				CODE_SIGN_IDENTITY = "iPhone Developer";
				COPY_PHASE_STRIP = NO;
				DEBUG_INFORMATION_FORMAT = dwarf;
				ENABLE_STRICT_OBJC_MSGSEND = YES;
				ENABLE_TESTABILITY = YES;
				GCC_C_LANGUAGE_STANDARD = gnu11;
				GCC_DYNAMIC_NO_PIC = NO;
				GCC_GENERATE_TEST_COVERAGE_FILES = YES;
				GCC_NO_COMMON_BLOCKS = YES;
				GCC_OPTIMIZATION_LEVEL = 0;
				GCC_PREPROCESSOR_DEFINITIONS = (
					"DEBUG=1",
					"$(inherited)",
				);
				GCC_WARN_64_TO_32_BIT_CONVERSION = YES;
				GCC_WARN_ABOUT_RETURN_TYPE = YES_ERROR;
				GCC_WARN_UNDECLARED_SELECTOR = YES;
				GCC_WARN_UNINITIALIZED_AUTOS = YES_AGGRESSIVE;
				GCC_WARN_UNUSED_FUNCTION = YES;
				GCC_WARN_UNUSED_VARIABLE = YES;
				IPHONEOS_DEPLOYMENT_TARGET = 13.0;
				MTL_ENABLE_DEBUG_INFO = INCLUDE_SOURCE;
				MTL_FAST_MATH = YES;
				ONLY_ACTIVE_ARCH = YES;
				SDKROOT = iphoneos;
				SWIFT_ACTIVE_COMPILATION_CONDITIONS = DEBUG;
				SWIFT_OBJC_BRIDGING_HEADER = "";
				SWIFT_OPTIMIZATION_LEVEL = "-Onone";
			};
			name = Testing;
		};
		3FD5EB0C233A86C600006069 /* Testing */ = {
			isa = XCBuildConfiguration;
			baseConfigurationReference = 12AE97D1DE3B943A48310F52 /* Pods-cloudstart.testing.xcconfig */;
			buildSettings = {
				ASSETCATALOG_COMPILER_APPICON_NAME = AppIcon;
				CODE_SIGN_STYLE = Automatic;
				DEVELOPMENT_TEAM = 329X3PY7LJ;
				INFOPLIST_FILE = cloudstart/Info.plist;
				LD_RUNPATH_SEARCH_PATHS = (
					"$(inherited)",
					"@executable_path/Frameworks",
				);
				PRODUCT_BUNDLE_IDENTIFIER = uk.co.automatictester.cloudstart;
				PRODUCT_NAME = "$(TARGET_NAME)";
				SWIFT_ACTIVE_COMPILATION_CONDITIONS = MOCK_AWS;
				SWIFT_OBJC_BRIDGING_HEADER = "";
				SWIFT_VERSION = 5.0;
				TARGETED_DEVICE_FAMILY = "1,2";
			};
			name = Testing;
		};
		3FD5EB0D233A86C600006069 /* Testing */ = {
			isa = XCBuildConfiguration;
			buildSettings = {
				BUNDLE_LOADER = "$(TEST_HOST)";
				CODE_SIGN_STYLE = Automatic;
				DEVELOPMENT_TEAM = 329X3PY7LJ;
				INFOPLIST_FILE = "cloudstart-tests/Info.plist";
				LD_RUNPATH_SEARCH_PATHS = (
					"$(inherited)",
					"@executable_path/Frameworks",
					"@loader_path/Frameworks",
				);
				PRODUCT_BUNDLE_IDENTIFIER = "uk.co.automatictester.cloudstart-tests";
				PRODUCT_NAME = "$(TARGET_NAME)";
				SWIFT_VERSION = 5.0;
				TARGETED_DEVICE_FAMILY = "1,2";
				TEST_HOST = "$(BUILT_PRODUCTS_DIR)/cloudstart.app/cloudstart";
			};
			name = Testing;
		};
		3FD5EB0E233A86C600006069 /* Testing */ = {
			isa = XCBuildConfiguration;
			buildSettings = {
				CODE_SIGN_STYLE = Automatic;
				DEVELOPMENT_TEAM = 329X3PY7LJ;
				INFOPLIST_FILE = "cloudstart-ui-tests/Info.plist";
				LD_RUNPATH_SEARCH_PATHS = (
					"$(inherited)",
					"@executable_path/Frameworks",
					"@loader_path/Frameworks",
				);
				OTHER_SWIFT_FLAGS = "-D MOCK_AWS";
				PRODUCT_BUNDLE_IDENTIFIER = "uk.co.automatictester.cloudstart-ui-tests";
				PRODUCT_NAME = "$(TARGET_NAME)";
				SWIFT_VERSION = 5.0;
				TARGETED_DEVICE_FAMILY = "1,2";
				TEST_TARGET_NAME = cloudstart;
			};
			name = Testing;
		};
/* End XCBuildConfiguration section */

/* Begin XCConfigurationList section */
		3F15969823326D58000277C4 /* Build configuration list for PBXNativeTarget "cloudstart-ui-tests" */ = {
			isa = XCConfigurationList;
			buildConfigurations = (
				3F15969623326D58000277C4 /* Debug */,
				3FD5EB0E233A86C600006069 /* Testing */,
				3F15969723326D58000277C4 /* Release */,
			);
			defaultConfigurationIsVisible = 0;
			defaultConfigurationName = Release;
		};
		3F41B1A822FC534F00EE4AD4 /* Build configuration list for PBXProject "cloudstart" */ = {
			isa = XCConfigurationList;
			buildConfigurations = (
				3F41B1BD22FC534F00EE4AD4 /* Debug */,
				3FD5EB0B233A86C600006069 /* Testing */,
				3F41B1BE22FC534F00EE4AD4 /* Release */,
			);
			defaultConfigurationIsVisible = 0;
			defaultConfigurationName = Release;
		};
		3F41B1BF22FC534F00EE4AD4 /* Build configuration list for PBXNativeTarget "cloudstart" */ = {
			isa = XCConfigurationList;
			buildConfigurations = (
				3F41B1C022FC534F00EE4AD4 /* Debug */,
				3FD5EB0C233A86C600006069 /* Testing */,
				3F41B1C122FC534F00EE4AD4 /* Release */,
			);
			defaultConfigurationIsVisible = 0;
			defaultConfigurationName = Release;
		};
		3F6E595F23278F0500503261 /* Build configuration list for PBXNativeTarget "cloudstart-tests" */ = {
			isa = XCConfigurationList;
			buildConfigurations = (
				3F6E595D23278F0500503261 /* Debug */,
				3FD5EB0D233A86C600006069 /* Testing */,
				3F6E595E23278F0500503261 /* Release */,
			);
			defaultConfigurationIsVisible = 0;
			defaultConfigurationName = Release;
		};
/* End XCConfigurationList section */

/* Begin XCVersionGroup section */
		3F288CA72314473800DFD4D2 /* LocalDataStore.xcdatamodeld */ = {
			isa = XCVersionGroup;
			children = (
				3F288CA82314473800DFD4D2 /* LocalDataStore.xcdatamodel */,
			);
			currentVersion = 3F288CA82314473800DFD4D2 /* LocalDataStore.xcdatamodel */;
			path = LocalDataStore.xcdatamodeld;
			sourceTree = "<group>";
			versionGroupType = wrapper.xcdatamodel;
		};
/* End XCVersionGroup section */
	};
	rootObject = 3F41B1A522FC534F00EE4AD4 /* Project object */;
}
